// !$*UTF8*$!
{
	archiveVersion = 1;
	classes = {
	};
	objectVersion = 56;
	objects = {

/* Begin PBXBuildFile section */
		2FBB027C2B186D4900044A36 /* GoalCardView.swift in Sources */ = {isa = PBXBuildFile; fileRef = 2FBB027B2B186D4900044A36 /* GoalCardView.swift */; };
		2FBB027E2B186D6E00044A36 /* HoneyJarView.swift in Sources */ = {isa = PBXBuildFile; fileRef = 2FBB027D2B186D6E00044A36 /* HoneyJarView.swift */; };
		2FBB02802B186E0000044A36 /* HoneyJarViewController.swift in Sources */ = {isa = PBXBuildFile; fileRef = 2FBB027F2B186E0000044A36 /* HoneyJarViewController.swift */; };
		5980FC3D2AF1BF14003053BB /* RegistrationView.swift in Sources */ = {isa = PBXBuildFile; fileRef = 5980FC3C2AF1BF14003053BB /* RegistrationView.swift */; };
		5980FC3F2AF1C047003053BB /* AppView.swift in Sources */ = {isa = PBXBuildFile; fileRef = 5980FC3E2AF1C047003053BB /* AppView.swift */; };
		5995CEBE2AF56AEC004C9158 /* CreatePostView.swift in Sources */ = {isa = PBXBuildFile; fileRef = 5995CEBD2AF56AEC004C9158 /* CreatePostView.swift */; };
		5995CEC02AF56CBD004C9158 /* CameraViewModel.swift in Sources */ = {isa = PBXBuildFile; fileRef = 5995CEBF2AF56CBD004C9158 /* CameraViewModel.swift */; };
		5995CEC22AF58871004C9158 /* PostController.swift in Sources */ = {isa = PBXBuildFile; fileRef = 5995CEC12AF58871004C9158 /* PostController.swift */; };
		5995CEC42AF58983004C9158 /* PostRepository.swift in Sources */ = {isa = PBXBuildFile; fileRef = 5995CEC32AF58983004C9158 /* PostRepository.swift */; };
		59A8027A2AF402DB00F69178 /* CalendarView.swift in Sources */ = {isa = PBXBuildFile; fileRef = 59A802792AF402DB00F69178 /* CalendarView.swift */; };
		59A8027C2AF402ED00F69178 /* HomeView.swift in Sources */ = {isa = PBXBuildFile; fileRef = 59A8027B2AF402ED00F69178 /* HomeView.swift */; };
		59A802822AF4034100F69178 /* ImageController.swift in Sources */ = {isa = PBXBuildFile; fileRef = 59A802812AF4034100F69178 /* ImageController.swift */; };
		59A802862AF41F0A00F69178 /* CameraController.swift in Sources */ = {isa = PBXBuildFile; fileRef = 59A802852AF41F0A00F69178 /* CameraController.swift */; };
		59F546452AF591F6002C9079 /* FirebaseStorage in Frameworks */ = {isa = PBXBuildFile; productRef = 59F546442AF591F6002C9079 /* FirebaseStorage */; };
		F10BDA572AF2F31B00C44070 /* FirebaseAuth in Frameworks */ = {isa = PBXBuildFile; productRef = F10BDA562AF2F31B00C44070 /* FirebaseAuth */; };
		F1123C7B2AF7565D005C0588 /* Lato-Regular.ttf in Resources */ = {isa = PBXBuildFile; fileRef = F1123C7A2AF7565D005C0588 /* Lato-Regular.ttf */; };
		F1280C812AF17A4600B09570 /* UserRepository.swift in Sources */ = {isa = PBXBuildFile; fileRef = F1280C802AF17A4600B09570 /* UserRepository.swift */; };
		F1280C832AF1C61100B09570 /* Subgoal.swift in Sources */ = {isa = PBXBuildFile; fileRef = F1280C822AF1C61100B09570 /* Subgoal.swift */; };
		F1280C852AF1C6F400B09570 /* SubgoalRepository.swift in Sources */ = {isa = PBXBuildFile; fileRef = F1280C842AF1C6F400B09570 /* SubgoalRepository.swift */; };
		F1280C872AF1CDC200B09570 /* UserController.swift in Sources */ = {isa = PBXBuildFile; fileRef = F1280C862AF1CDC200B09570 /* UserController.swift */; };
		F1280C892AF2EF0D00B09570 /* AuthViewModel.swift in Sources */ = {isa = PBXBuildFile; fileRef = F1280C882AF2EF0C00B09570 /* AuthViewModel.swift */; };
		F13650322AF3405500950A0F /* GoalController.swift in Sources */ = {isa = PBXBuildFile; fileRef = F13650312AF3405500950A0F /* GoalController.swift */; };
		F13650342AF3487C00950A0F /* LoginView.swift in Sources */ = {isa = PBXBuildFile; fileRef = F13650332AF3487C00950A0F /* LoginView.swift */; };
		F13650362AF34C3200950A0F /* ProfileView.swift in Sources */ = {isa = PBXBuildFile; fileRef = F13650352AF34C3200950A0F /* ProfileView.swift */; };
		F13650382AF4202C00950A0F /* SearchView.swift in Sources */ = {isa = PBXBuildFile; fileRef = F13650372AF4202C00950A0F /* SearchView.swift */; };
		F136503A2AF4218B00950A0F /* SearchViewModel.swift in Sources */ = {isa = PBXBuildFile; fileRef = F13650392AF4218B00950A0F /* SearchViewModel.swift */; };
		F15DB22F2AE8B7370031FD75 /* BusyBeeApp.swift in Sources */ = {isa = PBXBuildFile; fileRef = F15DB22E2AE8B7370031FD75 /* BusyBeeApp.swift */; };
		F15DB2312AE8B7370031FD75 /* ContentView.swift in Sources */ = {isa = PBXBuildFile; fileRef = F15DB2302AE8B7370031FD75 /* ContentView.swift */; };
		F15DB2332AE8B73A0031FD75 /* Assets.xcassets in Resources */ = {isa = PBXBuildFile; fileRef = F15DB2322AE8B73A0031FD75 /* Assets.xcassets */; };
		F15DB2362AE8B73A0031FD75 /* Preview Assets.xcassets in Resources */ = {isa = PBXBuildFile; fileRef = F15DB2352AE8B73A0031FD75 /* Preview Assets.xcassets */; };
		F15DB2402AE8B9B80031FD75 /* User.swift in Sources */ = {isa = PBXBuildFile; fileRef = F15DB23F2AE8B9B80031FD75 /* User.swift */; };
		F15DB2422AE8B9D10031FD75 /* Goal.swift in Sources */ = {isa = PBXBuildFile; fileRef = F15DB2412AE8B9D10031FD75 /* Goal.swift */; };
		F15DB2442AE8BB340031FD75 /* Post.swift in Sources */ = {isa = PBXBuildFile; fileRef = F15DB2432AE8BB340031FD75 /* Post.swift */; };
		F15DB24A2AE8E3FD0031FD75 /* FirebaseFirestore in Frameworks */ = {isa = PBXBuildFile; productRef = F15DB2492AE8E3FD0031FD75 /* FirebaseFirestore */; };
		F15DB24C2AE8E3FD0031FD75 /* FirebaseFirestoreSwift in Frameworks */ = {isa = PBXBuildFile; productRef = F15DB24B2AE8E3FD0031FD75 /* FirebaseFirestoreSwift */; };
		F15DB2502AE8EE860031FD75 /* GoalRepository.swift in Sources */ = {isa = PBXBuildFile; fileRef = F15DB24F2AE8EE860031FD75 /* GoalRepository.swift */; };
		F1A512A42AF9F3CC00D3D3BE /* IndividualGoalView.swift in Sources */ = {isa = PBXBuildFile; fileRef = F1A512A32AF9F3CC00D3D3BE /* IndividualGoalView.swift */; };
		F1A512A62AFA094700D3D3BE /* FeedItemView.swift in Sources */ = {isa = PBXBuildFile; fileRef = F1A512A52AFA094700D3D3BE /* FeedItemView.swift */; };
		F1A512AA2AFAD19E00D3D3BE /* EditProfileView.swift in Sources */ = {isa = PBXBuildFile; fileRef = F1A512A92AFAD19E00D3D3BE /* EditProfileView.swift */; };
		F1C26E6D2B0C0AF600251D91 /* Comment.swift in Sources */ = {isa = PBXBuildFile; fileRef = F1C26E6C2B0C0AF600251D91 /* Comment.swift */; };
		F1C26E6F2B0C0C9300251D91 /* CommentRepository.swift in Sources */ = {isa = PBXBuildFile; fileRef = F1C26E6E2B0C0C9300251D91 /* CommentRepository.swift */; };
		F1C7F65A2B15C15200A61DE4 /* GoogleService-Info.plist in Resources */ = {isa = PBXBuildFile; fileRef = F1C7F6592B15C15200A61DE4 /* GoogleService-Info.plist */; };
		F1C7F65C2B16724D00A61DE4 /* ReactionsComponent.swift in Sources */ = {isa = PBXBuildFile; fileRef = F1C7F65B2B16724D00A61DE4 /* ReactionsComponent.swift */; };
		F1C7F65E2B1674D300A61DE4 /* EditGoalView.swift in Sources */ = {isa = PBXBuildFile; fileRef = F1C7F65D2B1674D300A61DE4 /* EditGoalView.swift */; };
		F1C7F6602B1835EE00A61DE4 /* CommentSheetView.swift in Sources */ = {isa = PBXBuildFile; fileRef = F1C7F65F2B1835EE00A61DE4 /* CommentSheetView.swift */; };
		F9908DB02AF4AEE000415845 /* AddGoalView.swift in Sources */ = {isa = PBXBuildFile; fileRef = F9908DAF2AF4AEE000415845 /* AddGoalView.swift */; };
		F9908DB42AFB090300415845 /* CameraView.swift in Sources */ = {isa = PBXBuildFile; fileRef = F9908DB32AFB090300415845 /* CameraView.swift */; };
		F9908DB62AFB092800415845 /* CameraControlsView.swift in Sources */ = {isa = PBXBuildFile; fileRef = F9908DB52AFB092800415845 /* CameraControlsView.swift */; };
		F9A2EBD22B2088DC0014A91C /* UserModelTests.swift in Sources */ = {isa = PBXBuildFile; fileRef = F9A2EBD12B2088DC0014A91C /* UserModelTests.swift */; };
		F9BE505A2AF4288900FF1C16 /* HexCodeConverter.swift in Sources */ = {isa = PBXBuildFile; fileRef = F9BE50592AF4288900FF1C16 /* HexCodeConverter.swift */; };
		F9CE8A762B208E0600312090 /* NotificationsView.swift in Sources */ = {isa = PBXBuildFile; fileRef = F9CE8A752B208E0600312090 /* NotificationsView.swift */; };
		F9CE8A782B20911F00312090 /* FirebaseFirestore in Frameworks */ = {isa = PBXBuildFile; productRef = F9CE8A772B20911F00312090 /* FirebaseFirestore */; };
		F9CE8A7A2B20912900312090 /* FirebaseStorage in Frameworks */ = {isa = PBXBuildFile; productRef = F9CE8A792B20912900312090 /* FirebaseStorage */; };
		F9CE8A7C2B20913500312090 /* FirebaseAuth in Frameworks */ = {isa = PBXBuildFile; productRef = F9CE8A7B2B20913500312090 /* FirebaseAuth */; };
		F9CE8A7E2B20914200312090 /* FirebaseFirestoreSwift in Frameworks */ = {isa = PBXBuildFile; productRef = F9CE8A7D2B20914200312090 /* FirebaseFirestoreSwift */; };
		F9CE8A802B209C0200312090 /* GoalModelTests.swift in Sources */ = {isa = PBXBuildFile; fileRef = F9CE8A7F2B209C0200312090 /* GoalModelTests.swift */; };
		F9CE8A822B209CC600312090 /* SubgoalModelTests.swift in Sources */ = {isa = PBXBuildFile; fileRef = F9CE8A812B209CC600312090 /* SubgoalModelTests.swift */; };
		F9CE8A842B209D2000312090 /* PostModelTests.swift in Sources */ = {isa = PBXBuildFile; fileRef = F9CE8A832B209D2000312090 /* PostModelTests.swift */; };
		F9CE8A862B209D9300312090 /* CommentModelTests.swift in Sources */ = {isa = PBXBuildFile; fileRef = F9CE8A852B209D9300312090 /* CommentModelTests.swift */; };
		F9CE8A892B29AB5D00312090 /* UserControllerTests.swift in Sources */ = {isa = PBXBuildFile; fileRef = F9CE8A882B29AB5D00312090 /* UserControllerTests.swift */; };
/* End PBXBuildFile section */

/* Begin PBXContainerItemProxy section */
		F9A2EBD32B2088DC0014A91C /* PBXContainerItemProxy */ = {
			isa = PBXContainerItemProxy;
			containerPortal = F15DB2232AE8B7370031FD75 /* Project object */;
			proxyType = 1;
			remoteGlobalIDString = F15DB22A2AE8B7370031FD75;
			remoteInfo = BusyBee;
		};
/* End PBXContainerItemProxy section */

/* Begin PBXFileReference section */
		2FBB027B2B186D4900044A36 /* GoalCardView.swift */ = {isa = PBXFileReference; lastKnownFileType = sourcecode.swift; path = GoalCardView.swift; sourceTree = "<group>"; };
		2FBB027D2B186D6E00044A36 /* HoneyJarView.swift */ = {isa = PBXFileReference; lastKnownFileType = sourcecode.swift; path = HoneyJarView.swift; sourceTree = "<group>"; };
		2FBB027F2B186E0000044A36 /* HoneyJarViewController.swift */ = {isa = PBXFileReference; lastKnownFileType = sourcecode.swift; path = HoneyJarViewController.swift; sourceTree = "<group>"; };
		5980FC3C2AF1BF14003053BB /* RegistrationView.swift */ = {isa = PBXFileReference; lastKnownFileType = sourcecode.swift; path = RegistrationView.swift; sourceTree = "<group>"; };
		5980FC3E2AF1C047003053BB /* AppView.swift */ = {isa = PBXFileReference; lastKnownFileType = sourcecode.swift; path = AppView.swift; sourceTree = "<group>"; };
		5995CEBD2AF56AEC004C9158 /* CreatePostView.swift */ = {isa = PBXFileReference; lastKnownFileType = sourcecode.swift; path = CreatePostView.swift; sourceTree = "<group>"; };
		5995CEBF2AF56CBD004C9158 /* CameraViewModel.swift */ = {isa = PBXFileReference; lastKnownFileType = sourcecode.swift; path = CameraViewModel.swift; sourceTree = "<group>"; };
		5995CEC12AF58871004C9158 /* PostController.swift */ = {isa = PBXFileReference; lastKnownFileType = sourcecode.swift; path = PostController.swift; sourceTree = "<group>"; };
		5995CEC32AF58983004C9158 /* PostRepository.swift */ = {isa = PBXFileReference; lastKnownFileType = sourcecode.swift; path = PostRepository.swift; sourceTree = "<group>"; };
		59A802792AF402DB00F69178 /* CalendarView.swift */ = {isa = PBXFileReference; lastKnownFileType = sourcecode.swift; path = CalendarView.swift; sourceTree = "<group>"; };
		59A8027B2AF402ED00F69178 /* HomeView.swift */ = {isa = PBXFileReference; lastKnownFileType = sourcecode.swift; path = HomeView.swift; sourceTree = "<group>"; };
		59A802812AF4034100F69178 /* ImageController.swift */ = {isa = PBXFileReference; lastKnownFileType = sourcecode.swift; path = ImageController.swift; sourceTree = "<group>"; };
		59A802852AF41F0A00F69178 /* CameraController.swift */ = {isa = PBXFileReference; lastKnownFileType = sourcecode.swift; path = CameraController.swift; sourceTree = "<group>"; };
		59DCD2022AF46CFD000FCC59 /* Info.plist */ = {isa = PBXFileReference; lastKnownFileType = text.plist; path = Info.plist; sourceTree = "<group>"; };
		F1123C7A2AF7565D005C0588 /* Lato-Regular.ttf */ = {isa = PBXFileReference; lastKnownFileType = file; path = "Lato-Regular.ttf"; sourceTree = "<group>"; };
		F1280C802AF17A4600B09570 /* UserRepository.swift */ = {isa = PBXFileReference; lastKnownFileType = sourcecode.swift; path = UserRepository.swift; sourceTree = "<group>"; };
		F1280C822AF1C61100B09570 /* Subgoal.swift */ = {isa = PBXFileReference; lastKnownFileType = sourcecode.swift; path = Subgoal.swift; sourceTree = "<group>"; };
		F1280C842AF1C6F400B09570 /* SubgoalRepository.swift */ = {isa = PBXFileReference; lastKnownFileType = sourcecode.swift; path = SubgoalRepository.swift; sourceTree = "<group>"; };
		F1280C862AF1CDC200B09570 /* UserController.swift */ = {isa = PBXFileReference; lastKnownFileType = sourcecode.swift; path = UserController.swift; sourceTree = "<group>"; };
		F1280C882AF2EF0C00B09570 /* AuthViewModel.swift */ = {isa = PBXFileReference; lastKnownFileType = sourcecode.swift; path = AuthViewModel.swift; sourceTree = "<group>"; };
		F13650312AF3405500950A0F /* GoalController.swift */ = {isa = PBXFileReference; lastKnownFileType = sourcecode.swift; path = GoalController.swift; sourceTree = "<group>"; };
		F13650332AF3487C00950A0F /* LoginView.swift */ = {isa = PBXFileReference; lastKnownFileType = sourcecode.swift; path = LoginView.swift; sourceTree = "<group>"; };
		F13650352AF34C3200950A0F /* ProfileView.swift */ = {isa = PBXFileReference; lastKnownFileType = sourcecode.swift; path = ProfileView.swift; sourceTree = "<group>"; };
		F13650372AF4202C00950A0F /* SearchView.swift */ = {isa = PBXFileReference; lastKnownFileType = sourcecode.swift; path = SearchView.swift; sourceTree = "<group>"; };
		F13650392AF4218B00950A0F /* SearchViewModel.swift */ = {isa = PBXFileReference; lastKnownFileType = sourcecode.swift; path = SearchViewModel.swift; sourceTree = "<group>"; };
		F15DB22B2AE8B7370031FD75 /* BusyBee.app */ = {isa = PBXFileReference; explicitFileType = wrapper.application; includeInIndex = 0; path = BusyBee.app; sourceTree = BUILT_PRODUCTS_DIR; };
		F15DB22E2AE8B7370031FD75 /* BusyBeeApp.swift */ = {isa = PBXFileReference; lastKnownFileType = sourcecode.swift; path = BusyBeeApp.swift; sourceTree = "<group>"; };
		F15DB2302AE8B7370031FD75 /* ContentView.swift */ = {isa = PBXFileReference; lastKnownFileType = sourcecode.swift; path = ContentView.swift; sourceTree = "<group>"; };
		F15DB2322AE8B73A0031FD75 /* Assets.xcassets */ = {isa = PBXFileReference; lastKnownFileType = folder.assetcatalog; path = Assets.xcassets; sourceTree = "<group>"; };
		F15DB2352AE8B73A0031FD75 /* Preview Assets.xcassets */ = {isa = PBXFileReference; lastKnownFileType = folder.assetcatalog; path = "Preview Assets.xcassets"; sourceTree = "<group>"; };
		F15DB23F2AE8B9B80031FD75 /* User.swift */ = {isa = PBXFileReference; lastKnownFileType = sourcecode.swift; path = User.swift; sourceTree = "<group>"; };
		F15DB2412AE8B9D10031FD75 /* Goal.swift */ = {isa = PBXFileReference; lastKnownFileType = sourcecode.swift; path = Goal.swift; sourceTree = "<group>"; };
		F15DB2432AE8BB340031FD75 /* Post.swift */ = {isa = PBXFileReference; lastKnownFileType = sourcecode.swift; path = Post.swift; sourceTree = "<group>"; };
		F15DB24F2AE8EE860031FD75 /* GoalRepository.swift */ = {isa = PBXFileReference; lastKnownFileType = sourcecode.swift; path = GoalRepository.swift; sourceTree = "<group>"; };
		F1A512A32AF9F3CC00D3D3BE /* IndividualGoalView.swift */ = {isa = PBXFileReference; lastKnownFileType = sourcecode.swift; path = IndividualGoalView.swift; sourceTree = "<group>"; };
		F1A512A52AFA094700D3D3BE /* FeedItemView.swift */ = {isa = PBXFileReference; lastKnownFileType = sourcecode.swift; path = FeedItemView.swift; sourceTree = "<group>"; };
		F1A512A92AFAD19E00D3D3BE /* EditProfileView.swift */ = {isa = PBXFileReference; lastKnownFileType = sourcecode.swift; path = EditProfileView.swift; sourceTree = "<group>"; };
		F1C26E6C2B0C0AF600251D91 /* Comment.swift */ = {isa = PBXFileReference; lastKnownFileType = sourcecode.swift; path = Comment.swift; sourceTree = "<group>"; };
		F1C26E6E2B0C0C9300251D91 /* CommentRepository.swift */ = {isa = PBXFileReference; lastKnownFileType = sourcecode.swift; path = CommentRepository.swift; sourceTree = "<group>"; };
		F1C7F6592B15C15200A61DE4 /* GoogleService-Info.plist */ = {isa = PBXFileReference; fileEncoding = 4; lastKnownFileType = text.plist.xml; path = "GoogleService-Info.plist"; sourceTree = "<group>"; };
		F1C7F65B2B16724D00A61DE4 /* ReactionsComponent.swift */ = {isa = PBXFileReference; lastKnownFileType = sourcecode.swift; path = ReactionsComponent.swift; sourceTree = "<group>"; };
		F1C7F65D2B1674D300A61DE4 /* EditGoalView.swift */ = {isa = PBXFileReference; fileEncoding = 4; lastKnownFileType = sourcecode.swift; path = EditGoalView.swift; sourceTree = "<group>"; };
		F1C7F65F2B1835EE00A61DE4 /* CommentSheetView.swift */ = {isa = PBXFileReference; lastKnownFileType = sourcecode.swift; path = CommentSheetView.swift; sourceTree = "<group>"; };
		F9908DAF2AF4AEE000415845 /* AddGoalView.swift */ = {isa = PBXFileReference; lastKnownFileType = sourcecode.swift; path = AddGoalView.swift; sourceTree = "<group>"; };
		F9908DB32AFB090300415845 /* CameraView.swift */ = {isa = PBXFileReference; lastKnownFileType = sourcecode.swift; path = CameraView.swift; sourceTree = "<group>"; };
		F9908DB52AFB092800415845 /* CameraControlsView.swift */ = {isa = PBXFileReference; lastKnownFileType = sourcecode.swift; path = CameraControlsView.swift; sourceTree = "<group>"; };
		F9A2EBCF2B2088DC0014A91C /* UserModelTests.xctest */ = {isa = PBXFileReference; explicitFileType = wrapper.cfbundle; includeInIndex = 0; path = UserModelTests.xctest; sourceTree = BUILT_PRODUCTS_DIR; };
		F9A2EBD12B2088DC0014A91C /* UserModelTests.swift */ = {isa = PBXFileReference; lastKnownFileType = sourcecode.swift; path = UserModelTests.swift; sourceTree = "<group>"; };
		F9BE50592AF4288900FF1C16 /* HexCodeConverter.swift */ = {isa = PBXFileReference; lastKnownFileType = sourcecode.swift; path = HexCodeConverter.swift; sourceTree = "<group>"; };
		F9CE8A752B208E0600312090 /* NotificationsView.swift */ = {isa = PBXFileReference; fileEncoding = 4; lastKnownFileType = sourcecode.swift; path = NotificationsView.swift; sourceTree = "<group>"; };
		F9CE8A7F2B209C0200312090 /* GoalModelTests.swift */ = {isa = PBXFileReference; lastKnownFileType = sourcecode.swift; path = GoalModelTests.swift; sourceTree = "<group>"; };
		F9CE8A812B209CC600312090 /* SubgoalModelTests.swift */ = {isa = PBXFileReference; lastKnownFileType = sourcecode.swift; path = SubgoalModelTests.swift; sourceTree = "<group>"; };
		F9CE8A832B209D2000312090 /* PostModelTests.swift */ = {isa = PBXFileReference; lastKnownFileType = sourcecode.swift; path = PostModelTests.swift; sourceTree = "<group>"; };
		F9CE8A852B209D9300312090 /* CommentModelTests.swift */ = {isa = PBXFileReference; lastKnownFileType = sourcecode.swift; path = CommentModelTests.swift; sourceTree = "<group>"; };
		F9CE8A872B2484CA00312090 /* BusyBeeCoverage.xctestplan */ = {isa = PBXFileReference; lastKnownFileType = text; path = BusyBeeCoverage.xctestplan; sourceTree = "<group>"; };
		F9CE8A882B29AB5D00312090 /* UserControllerTests.swift */ = {isa = PBXFileReference; lastKnownFileType = sourcecode.swift; path = UserControllerTests.swift; sourceTree = "<group>"; };
/* End PBXFileReference section */

/* Begin PBXFrameworksBuildPhase section */
		F15DB2282AE8B7370031FD75 /* Frameworks */ = {
			isa = PBXFrameworksBuildPhase;
			buildActionMask = 2147483647;
			files = (
				F15DB24A2AE8E3FD0031FD75 /* FirebaseFirestore in Frameworks */,
				59F546452AF591F6002C9079 /* FirebaseStorage in Frameworks */,
				F10BDA572AF2F31B00C44070 /* FirebaseAuth in Frameworks */,
				F15DB24C2AE8E3FD0031FD75 /* FirebaseFirestoreSwift in Frameworks */,
			);
			runOnlyForDeploymentPostprocessing = 0;
		};
		F9A2EBCC2B2088DC0014A91C /* Frameworks */ = {
			isa = PBXFrameworksBuildPhase;
			buildActionMask = 2147483647;
			files = (
				F9CE8A782B20911F00312090 /* FirebaseFirestore in Frameworks */,
				F9CE8A7C2B20913500312090 /* FirebaseAuth in Frameworks */,
				F9CE8A7A2B20912900312090 /* FirebaseStorage in Frameworks */,
				F9CE8A7E2B20914200312090 /* FirebaseFirestoreSwift in Frameworks */,
			);
			runOnlyForDeploymentPostprocessing = 0;
		};
/* End PBXFrameworksBuildPhase section */

/* Begin PBXGroup section */
		F10BDA552AF2F31B00C44070 /* Frameworks */ = {
			isa = PBXGroup;
			children = (
			);
			name = Frameworks;
			sourceTree = "<group>";
		};
		F1126BD62AE9D0F100A98A9C /* DataRepositories */ = {
			isa = PBXGroup;
			children = (
				F15DB24F2AE8EE860031FD75 /* GoalRepository.swift */,
				F1C26E6E2B0C0C9300251D91 /* CommentRepository.swift */,
				F1280C842AF1C6F400B09570 /* SubgoalRepository.swift */,
				F1280C802AF17A4600B09570 /* UserRepository.swift */,
				5995CEC32AF58983004C9158 /* PostRepository.swift */,
			);
			path = DataRepositories;
			sourceTree = "<group>";
		};
		F1126BD82AE9D38000A98A9C /* ViewModels */ = {
			isa = PBXGroup;
			children = (
				F1280C882AF2EF0C00B09570 /* AuthViewModel.swift */,
				F13650392AF4218B00950A0F /* SearchViewModel.swift */,
				5995CEBF2AF56CBD004C9158 /* CameraViewModel.swift */,
			);
			path = ViewModels;
			sourceTree = "<group>";
		};
		F15DB2222AE8B7370031FD75 = {
			isa = PBXGroup;
			children = (
				F9CE8A872B2484CA00312090 /* BusyBeeCoverage.xctestplan */,
				F15DB22D2AE8B7370031FD75 /* BusyBee */,
				F9A2EBD02B2088DC0014A91C /* UnitTests */,
				F15DB22C2AE8B7370031FD75 /* Products */,
				F10BDA552AF2F31B00C44070 /* Frameworks */,
			);
			sourceTree = "<group>";
		};
		F15DB22C2AE8B7370031FD75 /* Products */ = {
			isa = PBXGroup;
			children = (
				F15DB22B2AE8B7370031FD75 /* BusyBee.app */,
				F9A2EBCF2B2088DC0014A91C /* UserModelTests.xctest */,
			);
			name = Products;
			sourceTree = "<group>";
		};
		F15DB22D2AE8B7370031FD75 /* BusyBee */ = {
			isa = PBXGroup;
			children = (
				F1C7F6592B15C15200A61DE4 /* GoogleService-Info.plist */,
				F1123C7A2AF7565D005C0588 /* Lato-Regular.ttf */,
				59DCD2022AF46CFD000FCC59 /* Info.plist */,
				F1126BD82AE9D38000A98A9C /* ViewModels */,
				F1126BD62AE9D0F100A98A9C /* DataRepositories */,
				F15DB23E2AE8B7560031FD75 /* Controllers */,
				F15DB23D2AE8B7500031FD75 /* Views */,
				F15DB23C2AE8B74A0031FD75 /* Models */,
				F15DB22E2AE8B7370031FD75 /* BusyBeeApp.swift */,
				F15DB2322AE8B73A0031FD75 /* Assets.xcassets */,
				F15DB2342AE8B73A0031FD75 /* Preview Content */,
			);
			path = BusyBee;
			sourceTree = "<group>";
		};
		F15DB2342AE8B73A0031FD75 /* Preview Content */ = {
			isa = PBXGroup;
			children = (
				F15DB2352AE8B73A0031FD75 /* Preview Assets.xcassets */,
			);
			path = "Preview Content";
			sourceTree = "<group>";
		};
		F15DB23C2AE8B74A0031FD75 /* Models */ = {
			isa = PBXGroup;
			children = (
				F15DB23F2AE8B9B80031FD75 /* User.swift */,
				F15DB2412AE8B9D10031FD75 /* Goal.swift */,
				F1280C822AF1C61100B09570 /* Subgoal.swift */,
				F15DB2432AE8BB340031FD75 /* Post.swift */,
				F1C26E6C2B0C0AF600251D91 /* Comment.swift */,
			);
			path = Models;
			sourceTree = "<group>";
		};
		F15DB23D2AE8B7500031FD75 /* Views */ = {
			isa = PBXGroup;
			children = (
				F1A512A22AF9F2E800D3D3BE /* Camera */,
				F15DB2302AE8B7370031FD75 /* ContentView.swift */,
				5980FC3C2AF1BF14003053BB /* RegistrationView.swift */,
				F13650352AF34C3200950A0F /* ProfileView.swift */,
				F13650332AF3487C00950A0F /* LoginView.swift */,
				F13650372AF4202C00950A0F /* SearchView.swift */,
				5980FC3E2AF1C047003053BB /* AppView.swift */,
				F9BE50592AF4288900FF1C16 /* HexCodeConverter.swift */,
				59A802792AF402DB00F69178 /* CalendarView.swift */,
				59A8027B2AF402ED00F69178 /* HomeView.swift */,
				5995CEBD2AF56AEC004C9158 /* CreatePostView.swift */,
				F1C7F65B2B16724D00A61DE4 /* ReactionsComponent.swift */,
				F1A512A32AF9F3CC00D3D3BE /* IndividualGoalView.swift */,
				F1A512A52AFA094700D3D3BE /* FeedItemView.swift */,
				F1C7F65F2B1835EE00A61DE4 /* CommentSheetView.swift */,
				F9908DAF2AF4AEE000415845 /* AddGoalView.swift */,
				F1A512A92AFAD19E00D3D3BE /* EditProfileView.swift */,
				F1C7F65D2B1674D300A61DE4 /* EditGoalView.swift */,
				2FBB027B2B186D4900044A36 /* GoalCardView.swift */,
				2FBB027D2B186D6E00044A36 /* HoneyJarView.swift */,
				F9CE8A752B208E0600312090 /* NotificationsView.swift */,
			);
			path = Views;
			sourceTree = "<group>";
		};
		F15DB23E2AE8B7560031FD75 /* Controllers */ = {
			isa = PBXGroup;
			children = (
				F1280C862AF1CDC200B09570 /* UserController.swift */,
				F13650312AF3405500950A0F /* GoalController.swift */,
				59A802812AF4034100F69178 /* ImageController.swift */,
				59A802852AF41F0A00F69178 /* CameraController.swift */,
				5995CEC12AF58871004C9158 /* PostController.swift */,
				2FBB027F2B186E0000044A36 /* HoneyJarViewController.swift */,
			);
			path = Controllers;
			sourceTree = "<group>";
		};
		F1A512A22AF9F2E800D3D3BE /* Camera */ = {
			isa = PBXGroup;
			children = (
				F9908DB32AFB090300415845 /* CameraView.swift */,
				F9908DB52AFB092800415845 /* CameraControlsView.swift */,
			);
			path = Camera;
			sourceTree = "<group>";
		};
		F9A2EBD02B2088DC0014A91C /* UnitTests */ = {
			isa = PBXGroup;
			children = (
				F9A2EBD12B2088DC0014A91C /* UserModelTests.swift */,
				F9CE8A7F2B209C0200312090 /* GoalModelTests.swift */,
				F9CE8A812B209CC600312090 /* SubgoalModelTests.swift */,
				F9CE8A832B209D2000312090 /* PostModelTests.swift */,
				F9CE8A852B209D9300312090 /* CommentModelTests.swift */,
				F9CE8A882B29AB5D00312090 /* UserControllerTests.swift */,
			);
			path = UnitTests;
			sourceTree = "<group>";
		};
/* End PBXGroup section */

/* Begin PBXNativeTarget section */
		F15DB22A2AE8B7370031FD75 /* BusyBee */ = {
			isa = PBXNativeTarget;
			buildConfigurationList = F15DB2392AE8B73A0031FD75 /* Build configuration list for PBXNativeTarget "BusyBee" */;
			buildPhases = (
				F15DB2272AE8B7370031FD75 /* Sources */,
				F15DB2282AE8B7370031FD75 /* Frameworks */,
				F15DB2292AE8B7370031FD75 /* Resources */,
			);
			buildRules = (
			);
			dependencies = (
			);
			name = BusyBee;
			packageProductDependencies = (
				F15DB2492AE8E3FD0031FD75 /* FirebaseFirestore */,
				F15DB24B2AE8E3FD0031FD75 /* FirebaseFirestoreSwift */,
				F10BDA562AF2F31B00C44070 /* FirebaseAuth */,
				59F546442AF591F6002C9079 /* FirebaseStorage */,
			);
			productName = BusyBee;
			productReference = F15DB22B2AE8B7370031FD75 /* BusyBee.app */;
			productType = "com.apple.product-type.application";
		};
		F9A2EBCE2B2088DC0014A91C /* UserModelTests */ = {
			isa = PBXNativeTarget;
			buildConfigurationList = F9A2EBD72B2088DC0014A91C /* Build configuration list for PBXNativeTarget "UserModelTests" */;
			buildPhases = (
				F9A2EBCB2B2088DC0014A91C /* Sources */,
				F9A2EBCC2B2088DC0014A91C /* Frameworks */,
				F9A2EBCD2B2088DC0014A91C /* Resources */,
			);
			buildRules = (
			);
			dependencies = (
				F9A2EBD42B2088DC0014A91C /* PBXTargetDependency */,
			);
			name = UserModelTests;
			packageProductDependencies = (
				F9CE8A772B20911F00312090 /* FirebaseFirestore */,
				F9CE8A792B20912900312090 /* FirebaseStorage */,
				F9CE8A7B2B20913500312090 /* FirebaseAuth */,
				F9CE8A7D2B20914200312090 /* FirebaseFirestoreSwift */,
			);
			productName = UserModelTests;
			productReference = F9A2EBCF2B2088DC0014A91C /* UserModelTests.xctest */;
			productType = "com.apple.product-type.bundle.unit-test";
		};
/* End PBXNativeTarget section */

/* Begin PBXProject section */
		F15DB2232AE8B7370031FD75 /* Project object */ = {
			isa = PBXProject;
			attributes = {
				BuildIndependentTargetsInParallel = 1;
				LastSwiftUpdateCheck = 1430;
				LastUpgradeCheck = 1500;
				TargetAttributes = {
					F15DB22A2AE8B7370031FD75 = {
						CreatedOnToolsVersion = 14.3.1;
					};
					F9A2EBCE2B2088DC0014A91C = {
						CreatedOnToolsVersion = 14.3.1;
						TestTargetID = F15DB22A2AE8B7370031FD75;
					};
				};
			};
			buildConfigurationList = F15DB2262AE8B7370031FD75 /* Build configuration list for PBXProject "BusyBee" */;
			compatibilityVersion = "Xcode 14.0";
			developmentRegion = en;
			hasScannedForEncodings = 0;
			knownRegions = (
				en,
				Base,
			);
			mainGroup = F15DB2222AE8B7370031FD75;
			packageReferences = (
				F15DB2482AE8E3FD0031FD75 /* XCRemoteSwiftPackageReference "firebase-ios-sdk" */,
			);
			productRefGroup = F15DB22C2AE8B7370031FD75 /* Products */;
			projectDirPath = "";
			projectRoot = "";
			targets = (
				F15DB22A2AE8B7370031FD75 /* BusyBee */,
				F9A2EBCE2B2088DC0014A91C /* UserModelTests */,
			);
		};
/* End PBXProject section */

/* Begin PBXResourcesBuildPhase section */
		F15DB2292AE8B7370031FD75 /* Resources */ = {
			isa = PBXResourcesBuildPhase;
			buildActionMask = 2147483647;
			files = (
				F15DB2362AE8B73A0031FD75 /* Preview Assets.xcassets in Resources */,
				F1C7F65A2B15C15200A61DE4 /* GoogleService-Info.plist in Resources */,
				F15DB2332AE8B73A0031FD75 /* Assets.xcassets in Resources */,
				F1123C7B2AF7565D005C0588 /* Lato-Regular.ttf in Resources */,
			);
			runOnlyForDeploymentPostprocessing = 0;
		};
		F9A2EBCD2B2088DC0014A91C /* Resources */ = {
			isa = PBXResourcesBuildPhase;
			buildActionMask = 2147483647;
			files = (
			);
			runOnlyForDeploymentPostprocessing = 0;
		};
/* End PBXResourcesBuildPhase section */

/* Begin PBXSourcesBuildPhase section */
		F15DB2272AE8B7370031FD75 /* Sources */ = {
			isa = PBXSourcesBuildPhase;
			buildActionMask = 2147483647;
			files = (
				F1280C852AF1C6F400B09570 /* SubgoalRepository.swift in Sources */,
				5995CEC42AF58983004C9158 /* PostRepository.swift in Sources */,
				59A802862AF41F0A00F69178 /* CameraController.swift in Sources */,
				F1A512AA2AFAD19E00D3D3BE /* EditProfileView.swift in Sources */,
				F15DB2502AE8EE860031FD75 /* GoalRepository.swift in Sources */,
				F1C26E6D2B0C0AF600251D91 /* Comment.swift in Sources */,
				F1A512A42AF9F3CC00D3D3BE /* IndividualGoalView.swift in Sources */,
				F9908DB02AF4AEE000415845 /* AddGoalView.swift in Sources */,
				F13650322AF3405500950A0F /* GoalController.swift in Sources */,
				F9908DB42AFB090300415845 /* CameraView.swift in Sources */,
				F1C7F65C2B16724D00A61DE4 /* ReactionsComponent.swift in Sources */,
				59A8027A2AF402DB00F69178 /* CalendarView.swift in Sources */,
				F13650342AF3487C00950A0F /* LoginView.swift in Sources */,
				5980FC3F2AF1C047003053BB /* AppView.swift in Sources */,
				2FBB02802B186E0000044A36 /* HoneyJarViewController.swift in Sources */,
				F9908DB62AFB092800415845 /* CameraControlsView.swift in Sources */,
				F1A512A62AFA094700D3D3BE /* FeedItemView.swift in Sources */,
				F15DB2422AE8B9D10031FD75 /* Goal.swift in Sources */,
				F136503A2AF4218B00950A0F /* SearchViewModel.swift in Sources */,
				F1C7F6602B1835EE00A61DE4 /* CommentSheetView.swift in Sources */,
				F13650382AF4202C00950A0F /* SearchView.swift in Sources */,
				F15DB2312AE8B7370031FD75 /* ContentView.swift in Sources */,
				F1280C812AF17A4600B09570 /* UserRepository.swift in Sources */,
				59A8027C2AF402ED00F69178 /* HomeView.swift in Sources */,
				5995CEBE2AF56AEC004C9158 /* CreatePostView.swift in Sources */,
				F1280C872AF1CDC200B09570 /* UserController.swift in Sources */,
				F15DB2402AE8B9B80031FD75 /* User.swift in Sources */,
				59A802822AF4034100F69178 /* ImageController.swift in Sources */,
				F1280C832AF1C61100B09570 /* Subgoal.swift in Sources */,
				F15DB22F2AE8B7370031FD75 /* BusyBeeApp.swift in Sources */,
				F13650362AF34C3200950A0F /* ProfileView.swift in Sources */,
				F1C26E6F2B0C0C9300251D91 /* CommentRepository.swift in Sources */,
				F15DB2442AE8BB340031FD75 /* Post.swift in Sources */,
				F1280C892AF2EF0D00B09570 /* AuthViewModel.swift in Sources */,
				5995CEC02AF56CBD004C9158 /* CameraViewModel.swift in Sources */,
				2FBB027C2B186D4900044A36 /* GoalCardView.swift in Sources */,
				2FBB027E2B186D6E00044A36 /* HoneyJarView.swift in Sources */,
				F1C7F65E2B1674D300A61DE4 /* EditGoalView.swift in Sources */,
				F9BE505A2AF4288900FF1C16 /* HexCodeConverter.swift in Sources */,
				5980FC3D2AF1BF14003053BB /* RegistrationView.swift in Sources */,
				5995CEC22AF58871004C9158 /* PostController.swift in Sources */,
				F9CE8A762B208E0600312090 /* NotificationsView.swift in Sources */,
			);
			runOnlyForDeploymentPostprocessing = 0;
		};
		F9A2EBCB2B2088DC0014A91C /* Sources */ = {
			isa = PBXSourcesBuildPhase;
			buildActionMask = 2147483647;
			files = (
				F9CE8A862B209D9300312090 /* CommentModelTests.swift in Sources */,
				F9CE8A802B209C0200312090 /* GoalModelTests.swift in Sources */,
				F9CE8A892B29AB5D00312090 /* UserControllerTests.swift in Sources */,
				F9CE8A842B209D2000312090 /* PostModelTests.swift in Sources */,
				F9A2EBD22B2088DC0014A91C /* UserModelTests.swift in Sources */,
				F9CE8A822B209CC600312090 /* SubgoalModelTests.swift in Sources */,
			);
			runOnlyForDeploymentPostprocessing = 0;
		};
/* End PBXSourcesBuildPhase section */

/* Begin PBXTargetDependency section */
		F9A2EBD42B2088DC0014A91C /* PBXTargetDependency */ = {
			isa = PBXTargetDependency;
			target = F15DB22A2AE8B7370031FD75 /* BusyBee */;
			targetProxy = F9A2EBD32B2088DC0014A91C /* PBXContainerItemProxy */;
		};
/* End PBXTargetDependency section */

/* Begin XCBuildConfiguration section */
		F15DB2372AE8B73A0031FD75 /* Debug */ = {
			isa = XCBuildConfiguration;
			buildSettings = {
				ALWAYS_SEARCH_USER_PATHS = NO;
				CLANG_ANALYZER_NONNULL = YES;
				CLANG_ANALYZER_NUMBER_OBJECT_CONVERSION = YES_AGGRESSIVE;
				CLANG_CXX_LANGUAGE_STANDARD = "gnu++20";
				CLANG_ENABLE_MODULES = YES;
				CLANG_ENABLE_OBJC_ARC = YES;
				CLANG_ENABLE_OBJC_WEAK = YES;
				CLANG_WARN_BLOCK_CAPTURE_AUTORELEASING = YES;
				CLANG_WARN_BOOL_CONVERSION = YES;
				CLANG_WARN_COMMA = YES;
				CLANG_WARN_CONSTANT_CONVERSION = YES;
				CLANG_WARN_DEPRECATED_OBJC_IMPLEMENTATIONS = YES;
				CLANG_WARN_DIRECT_OBJC_ISA_USAGE = YES_ERROR;
				CLANG_WARN_DOCUMENTATION_COMMENTS = YES;
				CLANG_WARN_EMPTY_BODY = YES;
				CLANG_WARN_ENUM_CONVERSION = YES;
				CLANG_WARN_INFINITE_RECURSION = YES;
				CLANG_WARN_INT_CONVERSION = YES;
				CLANG_WARN_NON_LITERAL_NULL_CONVERSION = YES;
				CLANG_WARN_OBJC_IMPLICIT_RETAIN_SELF = YES;
				CLANG_WARN_OBJC_LITERAL_CONVERSION = YES;
				CLANG_WARN_OBJC_ROOT_CLASS = YES_ERROR;
				CLANG_WARN_QUOTED_INCLUDE_IN_FRAMEWORK_HEADER = YES;
				CLANG_WARN_RANGE_LOOP_ANALYSIS = YES;
				CLANG_WARN_STRICT_PROTOTYPES = YES;
				CLANG_WARN_SUSPICIOUS_MOVE = YES;
				CLANG_WARN_UNGUARDED_AVAILABILITY = YES_AGGRESSIVE;
				CLANG_WARN_UNREACHABLE_CODE = YES;
				CLANG_WARN__DUPLICATE_METHOD_MATCH = YES;
				COPY_PHASE_STRIP = NO;
				DEBUG_INFORMATION_FORMAT = dwarf;
				ENABLE_STRICT_OBJC_MSGSEND = YES;
				ENABLE_TESTABILITY = YES;
				ENABLE_USER_SCRIPT_SANDBOXING = YES;
				GCC_C_LANGUAGE_STANDARD = gnu11;
				GCC_DYNAMIC_NO_PIC = NO;
				GCC_NO_COMMON_BLOCKS = YES;
				GCC_OPTIMIZATION_LEVEL = 0;
				GCC_PREPROCESSOR_DEFINITIONS = (
					"DEBUG=1",
					"$(inherited)",
				);
				GCC_WARN_64_TO_32_BIT_CONVERSION = YES;
				GCC_WARN_ABOUT_RETURN_TYPE = YES_ERROR;
				GCC_WARN_UNDECLARED_SELECTOR = YES;
				GCC_WARN_UNINITIALIZED_AUTOS = YES_AGGRESSIVE;
				GCC_WARN_UNUSED_FUNCTION = YES;
				GCC_WARN_UNUSED_VARIABLE = YES;
				IPHONEOS_DEPLOYMENT_TARGET = 16.4;
				MTL_ENABLE_DEBUG_INFO = INCLUDE_SOURCE;
				MTL_FAST_MATH = YES;
				ONLY_ACTIVE_ARCH = YES;
				SDKROOT = iphoneos;
				SWIFT_ACTIVE_COMPILATION_CONDITIONS = DEBUG;
				SWIFT_OPTIMIZATION_LEVEL = "-Onone";
			};
			name = Debug;
		};
		F15DB2382AE8B73A0031FD75 /* Release */ = {
			isa = XCBuildConfiguration;
			buildSettings = {
				ALWAYS_SEARCH_USER_PATHS = NO;
				CLANG_ANALYZER_NONNULL = YES;
				CLANG_ANALYZER_NUMBER_OBJECT_CONVERSION = YES_AGGRESSIVE;
				CLANG_CXX_LANGUAGE_STANDARD = "gnu++20";
				CLANG_ENABLE_MODULES = YES;
				CLANG_ENABLE_OBJC_ARC = YES;
				CLANG_ENABLE_OBJC_WEAK = YES;
				CLANG_WARN_BLOCK_CAPTURE_AUTORELEASING = YES;
				CLANG_WARN_BOOL_CONVERSION = YES;
				CLANG_WARN_COMMA = YES;
				CLANG_WARN_CONSTANT_CONVERSION = YES;
				CLANG_WARN_DEPRECATED_OBJC_IMPLEMENTATIONS = YES;
				CLANG_WARN_DIRECT_OBJC_ISA_USAGE = YES_ERROR;
				CLANG_WARN_DOCUMENTATION_COMMENTS = YES;
				CLANG_WARN_EMPTY_BODY = YES;
				CLANG_WARN_ENUM_CONVERSION = YES;
				CLANG_WARN_INFINITE_RECURSION = YES;
				CLANG_WARN_INT_CONVERSION = YES;
				CLANG_WARN_NON_LITERAL_NULL_CONVERSION = YES;
				CLANG_WARN_OBJC_IMPLICIT_RETAIN_SELF = YES;
				CLANG_WARN_OBJC_LITERAL_CONVERSION = YES;
				CLANG_WARN_OBJC_ROOT_CLASS = YES_ERROR;
				CLANG_WARN_QUOTED_INCLUDE_IN_FRAMEWORK_HEADER = YES;
				CLANG_WARN_RANGE_LOOP_ANALYSIS = YES;
				CLANG_WARN_STRICT_PROTOTYPES = YES;
				CLANG_WARN_SUSPICIOUS_MOVE = YES;
				CLANG_WARN_UNGUARDED_AVAILABILITY = YES_AGGRESSIVE;
				CLANG_WARN_UNREACHABLE_CODE = YES;
				CLANG_WARN__DUPLICATE_METHOD_MATCH = YES;
				COPY_PHASE_STRIP = NO;
				DEBUG_INFORMATION_FORMAT = "dwarf-with-dsym";
				ENABLE_NS_ASSERTIONS = NO;
				ENABLE_STRICT_OBJC_MSGSEND = YES;
				ENABLE_USER_SCRIPT_SANDBOXING = YES;
				GCC_C_LANGUAGE_STANDARD = gnu11;
				GCC_NO_COMMON_BLOCKS = YES;
				GCC_WARN_64_TO_32_BIT_CONVERSION = YES;
				GCC_WARN_ABOUT_RETURN_TYPE = YES_ERROR;
				GCC_WARN_UNDECLARED_SELECTOR = YES;
				GCC_WARN_UNINITIALIZED_AUTOS = YES_AGGRESSIVE;
				GCC_WARN_UNUSED_FUNCTION = YES;
				GCC_WARN_UNUSED_VARIABLE = YES;
				IPHONEOS_DEPLOYMENT_TARGET = 16.4;
				MTL_ENABLE_DEBUG_INFO = NO;
				MTL_FAST_MATH = YES;
				SDKROOT = iphoneos;
				SWIFT_COMPILATION_MODE = wholemodule;
				SWIFT_OPTIMIZATION_LEVEL = "-O";
				VALIDATE_PRODUCT = YES;
			};
			name = Release;
		};
		F15DB23A2AE8B73A0031FD75 /* Debug */ = {
			isa = XCBuildConfiguration;
			buildSettings = {
				ASSETCATALOG_COMPILER_APPICON_NAME = AppIcon;
				ASSETCATALOG_COMPILER_GLOBAL_ACCENT_COLOR_NAME = AccentColor;
				CODE_SIGN_STYLE = Automatic;
				CURRENT_PROJECT_VERSION = 1;
				DEVELOPMENT_ASSET_PATHS = "\"BusyBee/Preview Content\"";
				DEVELOPMENT_TEAM = JMQX63B5WW;
				ENABLE_PREVIEWS = YES;
				GENERATE_INFOPLIST_FILE = YES;
				INFOPLIST_FILE = BusyBee/Info.plist;
				INFOPLIST_KEY_NSCameraUsageDescription = "App needs camera access";
				INFOPLIST_KEY_NSPhotoLibraryAddUsageDescription = "App wants to allow additions to photo library";
				INFOPLIST_KEY_NSPhotoLibraryUsageDescription = "App Requires photo library";
				INFOPLIST_KEY_UIApplicationSceneManifest_Generation = YES;
				INFOPLIST_KEY_UIApplicationSupportsIndirectInputEvents = YES;
				INFOPLIST_KEY_UILaunchScreen_Generation = YES;
				INFOPLIST_KEY_UISupportedInterfaceOrientations_iPad = "UIInterfaceOrientationPortrait UIInterfaceOrientationPortraitUpsideDown UIInterfaceOrientationLandscapeLeft UIInterfaceOrientationLandscapeRight";
				INFOPLIST_KEY_UISupportedInterfaceOrientations_iPhone = "UIInterfaceOrientationPortrait UIInterfaceOrientationLandscapeLeft UIInterfaceOrientationLandscapeRight";
				IPHONEOS_DEPLOYMENT_TARGET = 15.5;
				LD_RUNPATH_SEARCH_PATHS = (
					"$(inherited)",
					"@executable_path/Frameworks",
				);
				MARKETING_VERSION = 1.0;
				PRODUCT_BUNDLE_IDENTIFIER = mobileapp.BusyBeee;
				PRODUCT_NAME = "$(TARGET_NAME)";
				SWIFT_EMIT_LOC_STRINGS = YES;
				SWIFT_VERSION = 5.0;
				TARGETED_DEVICE_FAMILY = "1,2";
			};
			name = Debug;
		};
		F15DB23B2AE8B73A0031FD75 /* Release */ = {
			isa = XCBuildConfiguration;
			buildSettings = {
				ASSETCATALOG_COMPILER_APPICON_NAME = AppIcon;
				ASSETCATALOG_COMPILER_GLOBAL_ACCENT_COLOR_NAME = AccentColor;
				CODE_SIGN_STYLE = Automatic;
				CURRENT_PROJECT_VERSION = 1;
				DEVELOPMENT_ASSET_PATHS = "\"BusyBee/Preview Content\"";
				DEVELOPMENT_TEAM = JMQX63B5WW;
				ENABLE_PREVIEWS = YES;
				GENERATE_INFOPLIST_FILE = YES;
				INFOPLIST_FILE = BusyBee/Info.plist;
				INFOPLIST_KEY_NSCameraUsageDescription = "App needs camera access";
				INFOPLIST_KEY_NSPhotoLibraryAddUsageDescription = "App wants to allow additions to photo library";
				INFOPLIST_KEY_NSPhotoLibraryUsageDescription = "App Requires photo library";
				INFOPLIST_KEY_UIApplicationSceneManifest_Generation = YES;
				INFOPLIST_KEY_UIApplicationSupportsIndirectInputEvents = YES;
				INFOPLIST_KEY_UILaunchScreen_Generation = YES;
				INFOPLIST_KEY_UISupportedInterfaceOrientations_iPad = "UIInterfaceOrientationPortrait UIInterfaceOrientationPortraitUpsideDown UIInterfaceOrientationLandscapeLeft UIInterfaceOrientationLandscapeRight";
				INFOPLIST_KEY_UISupportedInterfaceOrientations_iPhone = "UIInterfaceOrientationPortrait UIInterfaceOrientationLandscapeLeft UIInterfaceOrientationLandscapeRight";
				IPHONEOS_DEPLOYMENT_TARGET = 15.5;
				LD_RUNPATH_SEARCH_PATHS = (
					"$(inherited)",
					"@executable_path/Frameworks",
				);
				MARKETING_VERSION = 1.0;
				PRODUCT_BUNDLE_IDENTIFIER = mobileapp.BusyBeee;
				PRODUCT_NAME = "$(TARGET_NAME)";
				SWIFT_EMIT_LOC_STRINGS = YES;
				SWIFT_VERSION = 5.0;
				TARGETED_DEVICE_FAMILY = "1,2";
			};
			name = Release;
		};
		F9A2EBD52B2088DC0014A91C /* Debug */ = {
			isa = XCBuildConfiguration;
			buildSettings = {
				BUNDLE_LOADER = "$(TEST_HOST)";
				CODE_SIGN_STYLE = Automatic;
				CURRENT_PROJECT_VERSION = 1;
				GENERATE_INFOPLIST_FILE = YES;
				MARKETING_VERSION = 1.0;
				PRODUCT_BUNDLE_IDENTIFIER = net.cmuis.UserModelTests;
				PRODUCT_NAME = "$(TARGET_NAME)";
				SWIFT_EMIT_LOC_STRINGS = NO;
				SWIFT_VERSION = 5.0;
				TARGETED_DEVICE_FAMILY = "1,2";
				TEST_HOST = "$(BUILT_PRODUCTS_DIR)/BusyBee.app/$(BUNDLE_EXECUTABLE_FOLDER_PATH)/BusyBee";
			};
			name = Debug;
		};
		F9A2EBD62B2088DC0014A91C /* Release */ = {
			isa = XCBuildConfiguration;
			buildSettings = {
				BUNDLE_LOADER = "$(TEST_HOST)";
				CODE_SIGN_STYLE = Automatic;
				CURRENT_PROJECT_VERSION = 1;
				GENERATE_INFOPLIST_FILE = YES;
				MARKETING_VERSION = 1.0;
				PRODUCT_BUNDLE_IDENTIFIER = net.cmuis.UserModelTests;
				PRODUCT_NAME = "$(TARGET_NAME)";
				SWIFT_EMIT_LOC_STRINGS = NO;
				SWIFT_VERSION = 5.0;
				TARGETED_DEVICE_FAMILY = "1,2";
				TEST_HOST = "$(BUILT_PRODUCTS_DIR)/BusyBee.app/$(BUNDLE_EXECUTABLE_FOLDER_PATH)/BusyBee";
			};
			name = Release;
		};
/* End XCBuildConfiguration section */

/* Begin XCConfigurationList section */
		F15DB2262AE8B7370031FD75 /* Build configuration list for PBXProject "BusyBee" */ = {
			isa = XCConfigurationList;
			buildConfigurations = (
				F15DB2372AE8B73A0031FD75 /* Debug */,
				F15DB2382AE8B73A0031FD75 /* Release */,
			);
			defaultConfigurationIsVisible = 0;
			defaultConfigurationName = Release;
		};
		F15DB2392AE8B73A0031FD75 /* Build configuration list for PBXNativeTarget "BusyBee" */ = {
			isa = XCConfigurationList;
			buildConfigurations = (
				F15DB23A2AE8B73A0031FD75 /* Debug */,
				F15DB23B2AE8B73A0031FD75 /* Release */,
			);
			defaultConfigurationIsVisible = 0;
			defaultConfigurationName = Release;
		};
		F9A2EBD72B2088DC0014A91C /* Build configuration list for PBXNativeTarget "UserModelTests" */ = {
			isa = XCConfigurationList;
			buildConfigurations = (
				F9A2EBD52B2088DC0014A91C /* Debug */,
				F9A2EBD62B2088DC0014A91C /* Release */,
			);
			defaultConfigurationIsVisible = 0;
			defaultConfigurationName = Release;
		};
/* End XCConfigurationList section */

/* Begin XCRemoteSwiftPackageReference section */
		F15DB2482AE8E3FD0031FD75 /* XCRemoteSwiftPackageReference "firebase-ios-sdk" */ = {
			isa = XCRemoteSwiftPackageReference;
			repositoryURL = "https://github.com/firebase/firebase-ios-sdk.git";
			requirement = {
				kind = upToNextMajorVersion;
				minimumVersion = 10.0.0;
			};
		};
/* End XCRemoteSwiftPackageReference section */

/* Begin XCSwiftPackageProductDependency section */
		59F546442AF591F6002C9079 /* FirebaseStorage */ = {
			isa = XCSwiftPackageProductDependency;
			package = F15DB2482AE8E3FD0031FD75 /* XCRemoteSwiftPackageReference "firebase-ios-sdk" */;
			productName = FirebaseStorage;
		};
		F10BDA562AF2F31B00C44070 /* FirebaseAuth */ = {
			isa = XCSwiftPackageProductDependency;
			package = F15DB2482AE8E3FD0031FD75 /* XCRemoteSwiftPackageReference "firebase-ios-sdk" */;
			productName = FirebaseAuth;
		};
		F15DB2492AE8E3FD0031FD75 /* FirebaseFirestore */ = {
			isa = XCSwiftPackageProductDependency;
			package = F15DB2482AE8E3FD0031FD75 /* XCRemoteSwiftPackageReference "firebase-ios-sdk" */;
			productName = FirebaseFirestore;
		};
		F15DB24B2AE8E3FD0031FD75 /* FirebaseFirestoreSwift */ = {
			isa = XCSwiftPackageProductDependency;
			package = F15DB2482AE8E3FD0031FD75 /* XCRemoteSwiftPackageReference "firebase-ios-sdk" */;
			productName = FirebaseFirestoreSwift;
		};
		F9CE8A772B20911F00312090 /* FirebaseFirestore */ = {
			isa = XCSwiftPackageProductDependency;
			package = F15DB2482AE8E3FD0031FD75 /* XCRemoteSwiftPackageReference "firebase-ios-sdk" */;
			productName = FirebaseFirestore;
		};
		F9CE8A792B20912900312090 /* FirebaseStorage */ = {
			isa = XCSwiftPackageProductDependency;
			package = F15DB2482AE8E3FD0031FD75 /* XCRemoteSwiftPackageReference "firebase-ios-sdk" */;
			productName = FirebaseStorage;
		};
		F9CE8A7B2B20913500312090 /* FirebaseAuth */ = {
			isa = XCSwiftPackageProductDependency;
			package = F15DB2482AE8E3FD0031FD75 /* XCRemoteSwiftPackageReference "firebase-ios-sdk" */;
			productName = FirebaseAuth;
		};
		F9CE8A7D2B20914200312090 /* FirebaseFirestoreSwift */ = {
			isa = XCSwiftPackageProductDependency;
			package = F15DB2482AE8E3FD0031FD75 /* XCRemoteSwiftPackageReference "firebase-ios-sdk" */;
			productName = FirebaseFirestoreSwift;
		};
/* End XCSwiftPackageProductDependency section */
	};
	rootObject = F15DB2232AE8B7370031FD75 /* Project object */;
}
